
Microsoft Visual Studio Solution File, Format Version 12.00
# Visual Studio Version 17
VisualStudioVersion = 17.5.33530.505
MinimumVisualStudioVersion = 10.0.40219.1
Project("{2150E333-8FDC-42A3-9474-1A3956D46DE8}") = "Src", "Src", "{BEFB4568-9F63-4118-8E60-826C610E6B43}"
EndProject
Project("{2150E333-8FDC-42A3-9474-1A3956D46DE8}") = "Domain", "Domain", "{7C40793B-2232-413A-BDBC-1634B55E810C}"
EndProject
Project("{2150E333-8FDC-42A3-9474-1A3956D46DE8}") = "Infrastructure", "Infrastructure", "{7613E03B-70C6-4FB0-87C0-D456135310E2}"
EndProject
Project("{2150E333-8FDC-42A3-9474-1A3956D46DE8}") = "Service", "Service", "{631D4D4C-7030-48A0-B0D6-14B3A147A6B5}"
EndProject
Project("{2150E333-8FDC-42A3-9474-1A3956D46DE8}") = "CrossCutting", "CrossCutting", "{AAAC665E-7443-4862-8E07-EA1F80AA6F85}"
EndProject
Project("{2150E333-8FDC-42A3-9474-1A3956D46DE8}") = "Data", "Data", "{05E4CD9F-CC11-4339-9E93-5C48AC911F93}"
EndProject
Project("{FAE04EC0-301F-11D3-BF4B-00C04F79EFBC}") = "Domain", "Domain\Domain.csproj", "{382029EA-9F85-457E-A522-C27B43961574}"
EndProject
Project("{FAE04EC0-301F-11D3-BF4B-00C04F79EFBC}") = "CrossCutting", "CrossCutting\CrossCutting.csproj", "{E3249ACC-7B3E-40DB-99F1-38E253354EDB}"
EndProject
Project("{FAE04EC0-301F-11D3-BF4B-00C04F79EFBC}") = "Data", "Data\Data.csproj", "{379065CE-FBD9-4A56-8814-8A14A60F1CB9}"
EndProject
Project("{FAE04EC0-301F-11D3-BF4B-00C04F79EFBC}") = "Service", "Service\Service.csproj", "{542F5BA6-6F15-4DE6-94A1-18360054EF90}"
EndProject
Project("{2150E333-8FDC-42A3-9474-1A3956D46DE8}") = "Application", "Application", "{E0437BDE-A47A-4E0C-8697-9B5BF3A1544B}"
EndProject
Project("{FAE04EC0-301F-11D3-BF4B-00C04F79EFBC}") = "WebApiReceitinhas", "WebApiReceitinhas\WebApiReceitinhas.csproj", "{DBE69ABD-C7EF-4CC8-BA46-2576F8FCD0A1}"
EndProject
Global
	GlobalSection(SolutionConfigurationPlatforms) = preSolution
		Debug|Any CPU = Debug|Any CPU
		Release|Any CPU = Release|Any CPU
	EndGlobalSection
	GlobalSection(ProjectConfigurationPlatforms) = postSolution
		{382029EA-9F85-457E-A522-C27B43961574}.Debug|Any CPU.ActiveCfg = Debug|Any CPU
		{382029EA-9F85-457E-A522-C27B43961574}.Debug|Any CPU.Build.0 = Debug|Any CPU
		{382029EA-9F85-457E-A522-C27B43961574}.Release|Any CPU.ActiveCfg = Release|Any CPU
		{382029EA-9F85-457E-A522-C27B43961574}.Release|Any CPU.Build.0 = Release|Any CPU
		{E3249ACC-7B3E-40DB-99F1-38E253354EDB}.Debug|Any CPU.ActiveCfg = Debug|Any CPU
		{E3249ACC-7B3E-40DB-99F1-38E253354EDB}.Debug|Any CPU.Build.0 = Debug|Any CPU
		{E3249ACC-7B3E-40DB-99F1-38E253354EDB}.Release|Any CPU.ActiveCfg = Release|Any CPU
		{E3249ACC-7B3E-40DB-99F1-38E253354EDB}.Release|Any CPU.Build.0 = Release|Any CPU
		{379065CE-FBD9-4A56-8814-8A14A60F1CB9}.Debug|Any CPU.ActiveCfg = Debug|Any CPU
		{379065CE-FBD9-4A56-8814-8A14A60F1CB9}.Debug|Any CPU.Build.0 = Debug|Any CPU
		{379065CE-FBD9-4A56-8814-8A14A60F1CB9}.Release|Any CPU.ActiveCfg = Release|Any CPU
		{379065CE-FBD9-4A56-8814-8A14A60F1CB9}.Release|Any CPU.Build.0 = Release|Any CPU
		{542F5BA6-6F15-4DE6-94A1-18360054EF90}.Debug|Any CPU.ActiveCfg = Debug|Any CPU
		{542F5BA6-6F15-4DE6-94A1-18360054EF90}.Debug|Any CPU.Build.0 = Debug|Any CPU
		{542F5BA6-6F15-4DE6-94A1-18360054EF90}.Release|Any CPU.ActiveCfg = Release|Any CPU
		{542F5BA6-6F15-4DE6-94A1-18360054EF90}.Release|Any CPU.Build.0 = Release|Any CPU
		{DBE69ABD-C7EF-4CC8-BA46-2576F8FCD0A1}.Debug|Any CPU.ActiveCfg = Debug|Any CPU
		{DBE69ABD-C7EF-4CC8-BA46-2576F8FCD0A1}.Debug|Any CPU.Build.0 = Debug|Any CPU
		{DBE69ABD-C7EF-4CC8-BA46-2576F8FCD0A1}.Release|Any CPU.ActiveCfg = Release|Any CPU
		{DBE69ABD-C7EF-4CC8-BA46-2576F8FCD0A1}.Release|Any CPU.Build.0 = Release|Any CPU
	EndGlobalSection
	GlobalSection(SolutionProperties) = preSolution
		HideSolutionNode = FALSE
	EndGlobalSection
	GlobalSection(NestedProjects) = preSolution
		{7C40793B-2232-413A-BDBC-1634B55E810C} = {BEFB4568-9F63-4118-8E60-826C610E6B43}
		{7613E03B-70C6-4FB0-87C0-D456135310E2} = {BEFB4568-9F63-4118-8E60-826C610E6B43}
		{631D4D4C-7030-48A0-B0D6-14B3A147A6B5} = {BEFB4568-9F63-4118-8E60-826C610E6B43}
		{AAAC665E-7443-4862-8E07-EA1F80AA6F85} = {7613E03B-70C6-4FB0-87C0-D456135310E2}
		{05E4CD9F-CC11-4339-9E93-5C48AC911F93} = {7613E03B-70C6-4FB0-87C0-D456135310E2}
		{382029EA-9F85-457E-A522-C27B43961574} = {7C40793B-2232-413A-BDBC-1634B55E810C}
		{E3249ACC-7B3E-40DB-99F1-38E253354EDB} = {AAAC665E-7443-4862-8E07-EA1F80AA6F85}
		{379065CE-FBD9-4A56-8814-8A14A60F1CB9} = {05E4CD9F-CC11-4339-9E93-5C48AC911F93}
		{542F5BA6-6F15-4DE6-94A1-18360054EF90} = {631D4D4C-7030-48A0-B0D6-14B3A147A6B5}
		{E0437BDE-A47A-4E0C-8697-9B5BF3A1544B} = {BEFB4568-9F63-4118-8E60-826C610E6B43}
		{DBE69ABD-C7EF-4CC8-BA46-2576F8FCD0A1} = {E0437BDE-A47A-4E0C-8697-9B5BF3A1544B}
	EndGlobalSection
	GlobalSection(ExtensibilityGlobals) = postSolution
		SolutionGuid = {B6AE47A3-EDBE-4F65-873E-0CC193A557EB}
	EndGlobalSection
EndGlobal
